<?xml version="1.0" encoding="utf-8"?>
<Project ToolsVersion="4.0" xmlns="http://schemas.microsoft.com/developer/msbuild/2003">
  <ItemGroup>
    <Filter Include="來源檔案">
      <UniqueIdentifier>{4FC737F1-C7A5-4376-A066-2A32D752A2FF}</UniqueIdentifier>
      <Extensions>cpp;c;cc;cxx;c++;cppm;ixx;def;odl;idl;hpj;bat;asm;asmx</Extensions>
    </Filter>
    <Filter Include="標頭檔">
      <UniqueIdentifier>{93995380-89BD-4b04-88EB-625FBE52EBFB}</UniqueIdentifier>
      <Extensions>h;hh;hpp;hxx;h++;hm;inl;inc;ipp;xsd</Extensions>
    </Filter>
    <Filter Include="資源檔">
      <UniqueIdentifier>{67DA6AB6-F800-4c08-8B7A-83BB121AAD01}</UniqueIdentifier>
      <Extensions>rc;ico;cur;bmp;dlg;rc2;rct;bin;rgs;gif;jpg;jpeg;jpe;resx;tiff;tif;png;wav;mfcribbon-ms</Extensions>
    </Filter>
  </ItemGroup>
  <ItemGroup>
    <None Include="packages.config" />
  </ItemGroup>
  <ItemGroup>
    <ClCompile Include="IObject.cpp">
      <Filter>來源檔案</Filter>
    </ClCompile>
    <ClCompile Include="IScene.cpp">
      <Filter>來源檔案</Filter>
    </ClCompile>
    <ClCompile Include="Label.cpp">
      <Filter>來源檔案</Filter>
    </ClCompile>
    <ClCompile Include="LOG.cpp">
      <Filter>來源檔案</Filter>
    </ClCompile>
    <ClCompile Include="SettingScene.cpp">
      <Filter>來源檔案</Filter>
    </ClCompile>
    <ClCompile Include="PlayScene.cpp">
      <Filter>來源檔案</Filter>
    </ClCompile>
    <ClCompile Include="main.cpp">
      <Filter>來源檔案</Filter>
    </ClCompile>
    <ClCompile Include="Killer.cpp">
      <Filter>來源檔案</Filter>
    </ClCompile>
    <ClCompile Include="Enemy.cpp">
      <Filter>來源檔案</Filter>
    </ClCompile>
    <ClCompile Include="Plane.cpp">
      <Filter>來源檔案</Filter>
    </ClCompile>
    <ClCompile Include="StageSelectScene.cpp">
      <Filter>來源檔案</Filter>
    </ClCompile>
    <ClCompile Include="ExplosionEffect.cpp">
      <Filter>來源檔案</Filter>
    </ClCompile>
    <ClCompile Include="PlateletTurret.cpp">
      <Filter>來源檔案</Filter>
    </ClCompile>
    <ClCompile Include="NormalEnemy.cpp">
      <Filter>來源檔案</Filter>
    </ClCompile>
    <ClCompile Include="WBCellTurret.cpp">
      <Filter>來源檔案</Filter>
    </ClCompile>
    <ClCompile Include="IceCreamBullet.cpp">
      <Filter>來源檔案</Filter>
    </ClCompile>
    <ClCompile Include="LoseScene.cpp">
      <Filter>來源檔案</Filter>
    </ClCompile>
    <ClCompile Include="PockyBullet.cpp">
      <Filter>來源檔案</Filter>
    </ClCompile>
    <ClCompile Include="Slider.cpp">
      <Filter>來源檔案</Filter>
    </ClCompile>
    <ClCompile Include="Turret.cpp">
      <Filter>來源檔案</Filter>
    </ClCompile>
    <ClCompile Include="StrongEnemy.cpp">
      <Filter>來源檔案</Filter>
    </ClCompile>
    <ClCompile Include="SofaEnemy.cpp">
      <Filter>來源檔案</Filter>
    </ClCompile>
    <ClCompile Include="Bullet.cpp">
      <Filter>來源檔案</Filter>
    </ClCompile>
    <ClCompile Include="TurretButton.cpp">
      <Filter>來源檔案</Filter>
    </ClCompile>
    <ClCompile Include="Start_Scene.cpp">
      <Filter>來源檔案</Filter>
    </ClCompile>
    <ClCompile Include="WinScene.cpp">
      <Filter>來源檔案</Filter>
    </ClCompile>
    <ClCompile Include="AudioHelper.cpp">
      <Filter>來源檔案</Filter>
    </ClCompile>
    <ClCompile Include="GameEngine.cpp">
      <Filter>來源檔案</Filter>
    </ClCompile>
    <ClCompile Include="Point.cpp">
      <Filter>來源檔案</Filter>
    </ClCompile>
    <ClCompile Include="Resources.cpp">
      <Filter>來源檔案</Filter>
    </ClCompile>
    <ClCompile Include="Sprite.cpp">
      <Filter>來源檔案</Filter>
    </ClCompile>
    <ClCompile Include="Allegro5Exception.cpp">
      <Filter>來源檔案</Filter>
    </ClCompile>
    <ClCompile Include="Collider.cpp">
      <Filter>來源檔案</Filter>
    </ClCompile>
    <ClCompile Include="DirtyEffect.cpp">
      <Filter>來源檔案</Filter>
    </ClCompile>
    <ClCompile Include="Group.cpp">
      <Filter>來源檔案</Filter>
    </ClCompile>
    <ClCompile Include="IControl.cpp">
      <Filter>來源檔案</Filter>
    </ClCompile>
    <ClCompile Include="Image.cpp">
      <Filter>來源檔案</Filter>
    </ClCompile>
    <ClCompile Include="ImageButton.cpp">
      <Filter>來源檔案</Filter>
    </ClCompile>
    <ClCompile Include="FireBullet.cpp">
      <Filter>來源檔案</Filter>
    </ClCompile>
    <ClCompile Include="FlameTurret.cpp">
      <Filter>來源檔案</Filter>
    </ClCompile>
    <ClCompile Include="HandsomeEnemy.cpp">
      <Filter>來源檔案</Filter>
    </ClCompile>
    <ClCompile Include="ShootEffect.cpp">
      <Filter>來源檔案</Filter>
    </ClCompile>
    <ClCompile Include="EnemyBullet.cpp">
      <Filter>來源檔案</Filter>
    </ClCompile>
    <ClCompile Include="BlockTurret.cpp">
      <Filter>來源檔案</Filter>
    </ClCompile>
    <ClCompile Include="BombTurret.cpp">
      <Filter>來源檔案</Filter>
    </ClCompile>
    <ClCompile Include="Fkoff.cpp">
      <Filter>來源檔案</Filter>
    </ClCompile>
    <ClCompile Include="Boss.cpp">
      <Filter>來源檔案</Filter>
    </ClCompile>
  </ItemGroup>
  <ItemGroup>
    <ClInclude Include="SettingScene.hpp">
      <Filter>標頭檔</Filter>
    </ClInclude>
    <ClInclude Include="Killer.hpp">
      <Filter>標頭檔</Filter>
    </ClInclude>
    <ClInclude Include="Enemy.hpp">
      <Filter>標頭檔</Filter>
    </ClInclude>
    <ClInclude Include="PlayScene.hpp">
      <Filter>標頭檔</Filter>
    </ClInclude>
    <ClInclude Include="Turret.hpp">
      <Filter>標頭檔</Filter>
    </ClInclude>
    <ClInclude Include="StrongEnemy.hpp">
      <Filter>標頭檔</Filter>
    </ClInclude>
    <ClInclude Include="SofaEnemy.hpp">
      <Filter>標頭檔</Filter>
    </ClInclude>
    <ClInclude Include="NormalEnemy.hpp">
      <Filter>標頭檔</Filter>
    </ClInclude>
    <ClInclude Include="PockyBullet.hpp">
      <Filter>標頭檔</Filter>
    </ClInclude>
    <ClInclude Include="PlateletTurret.hpp">
      <Filter>標頭檔</Filter>
    </ClInclude>
    <ClInclude Include="WBCellTurret.hpp">
      <Filter>標頭檔</Filter>
    </ClInclude>
    <ClInclude Include="IceCreamBullet.hpp">
      <Filter>標頭檔</Filter>
    </ClInclude>
    <ClInclude Include="TurretButton.hpp">
      <Filter>標頭檔</Filter>
    </ClInclude>
    <ClInclude Include="Sprite.hpp">
      <Filter>標頭檔</Filter>
    </ClInclude>
    <ClInclude Include="Start_Scene.hpp">
      <Filter>標頭檔</Filter>
    </ClInclude>
    <ClInclude Include="AudioHelper.hpp">
      <Filter>標頭檔</Filter>
    </ClInclude>
    <ClInclude Include="GameEngine.hpp">
      <Filter>標頭檔</Filter>
    </ClInclude>
    <ClInclude Include="Plane.hpp">
      <Filter>標頭檔</Filter>
    </ClInclude>
    <ClInclude Include="Point.hpp">
      <Filter>標頭檔</Filter>
    </ClInclude>
    <ClInclude Include="Resources.hpp">
      <Filter>標頭檔</Filter>
    </ClInclude>
    <ClInclude Include="Slider.hpp">
      <Filter>標頭檔</Filter>
    </ClInclude>
    <ClInclude Include="StageSelectScene.hpp">
      <Filter>標頭檔</Filter>
    </ClInclude>
    <ClInclude Include="WinScene.hpp">
      <Filter>標頭檔</Filter>
    </ClInclude>
    <ClInclude Include="Allegro5Exception.hpp">
      <Filter>標頭檔</Filter>
    </ClInclude>
    <ClInclude Include="Bullet.hpp">
      <Filter>標頭檔</Filter>
    </ClInclude>
    <ClInclude Include="Collider.hpp">
      <Filter>標頭檔</Filter>
    </ClInclude>
    <ClInclude Include="DirtyEffect.hpp">
      <Filter>標頭檔</Filter>
    </ClInclude>
    <ClInclude Include="ExplosionEffect.hpp">
      <Filter>標頭檔</Filter>
    </ClInclude>
    <ClInclude Include="Group.hpp">
      <Filter>標頭檔</Filter>
    </ClInclude>
    <ClInclude Include="IControl.hpp">
      <Filter>標頭檔</Filter>
    </ClInclude>
    <ClInclude Include="Image.hpp">
      <Filter>標頭檔</Filter>
    </ClInclude>
    <ClInclude Include="ImageButton.hpp">
      <Filter>標頭檔</Filter>
    </ClInclude>
    <ClInclude Include="IObject.hpp">
      <Filter>標頭檔</Filter>
    </ClInclude>
    <ClInclude Include="IScene.hpp">
      <Filter>標頭檔</Filter>
    </ClInclude>
    <ClInclude Include="Label.hpp">
      <Filter>標頭檔</Filter>
    </ClInclude>
    <ClInclude Include="LOG.hpp">
      <Filter>標頭檔</Filter>
    </ClInclude>
    <ClInclude Include="LoseScene.hpp">
      <Filter>標頭檔</Filter>
    </ClInclude>
    <ClInclude Include="FireBullet.hpp">
      <Filter>標頭檔</Filter>
    </ClInclude>
    <ClInclude Include="FlameTurret.hpp">
      <Filter>標頭檔</Filter>
    </ClInclude>
    <ClInclude Include="HandsomeEnemy.hpp">
      <Filter>標頭檔</Filter>
    </ClInclude>
    <ClInclude Include="ShootEffect.hpp">
      <Filter>標頭檔</Filter>
    </ClInclude>
    <ClInclude Include="EnemyBullet.hpp">
      <Filter>標頭檔</Filter>
    </ClInclude>
    <ClInclude Include="BlockTurret.hpp">
      <Filter>標頭檔</Filter>
    </ClInclude>
    <ClInclude Include="BombTurret.hpp">
      <Filter>標頭檔</Filter>
    </ClInclude>
    <ClInclude Include="Fkoff.hpp">
      <Filter>標頭檔</Filter>
    </ClInclude>
    <ClInclude Include="Boss.hpp">
      <Filter>標頭檔</Filter>
    </ClInclude>
  </ItemGroup>
</Project>